// !$*UTF8*$!
{
	archiveVersion = 1;
	classes = {
	};
	objectVersion = 46;
	objects = {

/* Begin PBXBuildFile section */
		0626408E1E92EE0F0045F0EB /* AppDelegate.swift in Sources */ = {isa = PBXBuildFile; fileRef = 0626408D1E92EE0F0045F0EB /* AppDelegate.swift */; };
		062640901E92EE0F0045F0EB /* ViewController.swift in Sources */ = {isa = PBXBuildFile; fileRef = 0626408F1E92EE0F0045F0EB /* ViewController.swift */; };
		062640931E92EE0F0045F0EB /* Main.storyboard in Resources */ = {isa = PBXBuildFile; fileRef = 062640911E92EE0F0045F0EB /* Main.storyboard */; };
		062640951E92EE0F0045F0EB /* Assets.xcassets in Resources */ = {isa = PBXBuildFile; fileRef = 062640941E92EE0F0045F0EB /* Assets.xcassets */; };
		062640981E92EE0F0045F0EB /* LaunchScreen.storyboard in Resources */ = {isa = PBXBuildFile; fileRef = 062640961E92EE0F0045F0EB /* LaunchScreen.storyboard */; };
		062640A31E92EE0F0045F0EB /* HelpfulFunctionsTests.swift in Sources */ = {isa = PBXBuildFile; fileRef = 062640A21E92EE0F0045F0EB /* HelpfulFunctionsTests.swift */; };
		062640AE1E92EEDF0045F0EB /* GCD.swift in Sources */ = {isa = PBXBuildFile; fileRef = 062640AD1E92EEDF0045F0EB /* GCD.swift */; };
		062640AF1E92EEDF0045F0EB /* GCD.swift in Sources */ = {isa = PBXBuildFile; fileRef = 062640AD1E92EEDF0045F0EB /* GCD.swift */; };
		062640B11E92EFDC0045F0EB /* Function.swift in Sources */ = {isa = PBXBuildFile; fileRef = 062640B01E92EFDC0045F0EB /* Function.swift */; };
		062640B21E92EFDC0045F0EB /* Function.swift in Sources */ = {isa = PBXBuildFile; fileRef = 062640B01E92EFDC0045F0EB /* Function.swift */; };
/* End PBXBuildFile section */

/* Begin PBXContainerItemProxy section */
		0626409F1E92EE0F0045F0EB /* PBXContainerItemProxy */ = {
			isa = PBXContainerItemProxy;
			containerPortal = 062640821E92EE0F0045F0EB /* Project object */;
			proxyType = 1;
			remoteGlobalIDString = 062640891E92EE0F0045F0EB;
			remoteInfo = HelpfulFunctions;
		};
/* End PBXContainerItemProxy section */

/* Begin PBXFileReference section */
		0626408A1E92EE0F0045F0EB /* HelpfulFunctions.app */ = {isa = PBXFileReference; explicitFileType = wrapper.application; includeInIndex = 0; path = HelpfulFunctions.app; sourceTree = BUILT_PRODUCTS_DIR; };
		0626408D1E92EE0F0045F0EB /* AppDelegate.swift */ = {isa = PBXFileReference; lastKnownFileType = sourcecode.swift; path = AppDelegate.swift; sourceTree = "<group>"; };
		0626408F1E92EE0F0045F0EB /* ViewController.swift */ = {isa = PBXFileReference; lastKnownFileType = sourcecode.swift; path = ViewController.swift; sourceTree = "<group>"; };
		062640921E92EE0F0045F0EB /* Base */ = {isa = PBXFileReference; lastKnownFileType = file.storyboard; name = Base; path = Base.lproj/Main.storyboard; sourceTree = "<group>"; };
		062640941E92EE0F0045F0EB /* Assets.xcassets */ = {isa = PBXFileReference; lastKnownFileType = folder.assetcatalog; path = Assets.xcassets; sourceTree = "<group>"; };
		062640971E92EE0F0045F0EB /* Base */ = {isa = PBXFileReference; lastKnownFileType = file.storyboard; name = Base; path = Base.lproj/LaunchScreen.storyboard; sourceTree = "<group>"; };
		062640991E92EE0F0045F0EB /* Info.plist */ = {isa = PBXFileReference; lastKnownFileType = text.plist.xml; path = Info.plist; sourceTree = "<group>"; };
		0626409E1E92EE0F0045F0EB /* HelpfulFunctionsTests.xctest */ = {isa = PBXFileReference; explicitFileType = wrapper.cfbundle; includeInIndex = 0; path = HelpfulFunctionsTests.xctest; sourceTree = BUILT_PRODUCTS_DIR; };
		062640A21E92EE0F0045F0EB /* HelpfulFunctionsTests.swift */ = {isa = PBXFileReference; lastKnownFileType = sourcecode.swift; path = HelpfulFunctionsTests.swift; sourceTree = "<group>"; };
		062640A41E92EE0F0045F0EB /* Info.plist */ = {isa = PBXFileReference; lastKnownFileType = text.plist.xml; path = Info.plist; sourceTree = "<group>"; };
		062640AD1E92EEDF0045F0EB /* GCD.swift */ = {isa = PBXFileReference; fileEncoding = 4; lastKnownFileType = sourcecode.swift; name = GCD.swift; path = Extensions/GCD.swift; sourceTree = "<group>"; };
		062640B01E92EFDC0045F0EB /* Function.swift */ = {isa = PBXFileReference; fileEncoding = 4; lastKnownFileType = sourcecode.swift; name = Function.swift; path = Functions/Function.swift; sourceTree = "<group>"; };
/* End PBXFileReference section */

/* Begin PBXFrameworksBuildPhase section */
		062640871E92EE0F0045F0EB /* Frameworks */ = {
			isa = PBXFrameworksBuildPhase;
			buildActionMask = 2147483647;
			files = (
			);
			runOnlyForDeploymentPostprocessing = 0;
		};
		0626409B1E92EE0F0045F0EB /* Frameworks */ = {
			isa = PBXFrameworksBuildPhase;
			buildActionMask = 2147483647;
			files = (
			);
			runOnlyForDeploymentPostprocessing = 0;
		};
/* End PBXFrameworksBuildPhase section */

/* Begin PBXGroup section */
		062640811E92EE0F0045F0EB = {
			isa = PBXGroup;
			children = (
				0626408C1E92EE0F0045F0EB /* HelpfulFunctions */,
				062640A11E92EE0F0045F0EB /* HelpfulFunctionsTests */,
				0626408B1E92EE0F0045F0EB /* Products */,
			);
			sourceTree = "<group>";
		};
		0626408B1E92EE0F0045F0EB /* Products */ = {
			isa = PBXGroup;
			children = (
				0626408A1E92EE0F0045F0EB /* HelpfulFunctions.app */,
				0626409E1E92EE0F0045F0EB /* HelpfulFunctionsTests.xctest */,
			);
			name = Products;
			sourceTree = "<group>";
		};
		0626408C1E92EE0F0045F0EB /* HelpfulFunctions */ = {
			isa = PBXGroup;
			children = (
				0626408D1E92EE0F0045F0EB /* AppDelegate.swift */,
				0626408F1E92EE0F0045F0EB /* ViewController.swift */,
				062640911E92EE0F0045F0EB /* Main.storyboard */,
				062640941E92EE0F0045F0EB /* Assets.xcassets */,
				062640961E92EE0F0045F0EB /* LaunchScreen.storyboard */,
				062640991E92EE0F0045F0EB /* Info.plist */,
				062640AD1E92EEDF0045F0EB /* GCD.swift */,
				062640B01E92EFDC0045F0EB /* Function.swift */,
			);
			path = HelpfulFunctions;
			sourceTree = "<group>";
		};
		062640A11E92EE0F0045F0EB /* HelpfulFunctionsTests */ = {
			isa = PBXGroup;
			children = (
				062640A21E92EE0F0045F0EB /* HelpfulFunctionsTests.swift */,
				062640A41E92EE0F0045F0EB /* Info.plist */,
			);
			path = HelpfulFunctionsTests;
			sourceTree = "<group>";
		};
/* End PBXGroup section */

/* Begin PBXNativeTarget section */
		062640891E92EE0F0045F0EB /* HelpfulFunctions */ = {
			isa = PBXNativeTarget;
			buildConfigurationList = 062640A71E92EE0F0045F0EB /* Build configuration list for PBXNativeTarget "HelpfulFunctions" */;
			buildPhases = (
				062640861E92EE0F0045F0EB /* Sources */,
				062640871E92EE0F0045F0EB /* Frameworks */,
				062640881E92EE0F0045F0EB /* Resources */,
			);
			buildRules = (
			);
			dependencies = (
			);
			name = HelpfulFunctions;
			productName = HelpfulFunctions;
			productReference = 0626408A1E92EE0F0045F0EB /* HelpfulFunctions.app */;
			productType = "com.apple.product-type.application";
		};
		0626409D1E92EE0F0045F0EB /* HelpfulFunctionsTests */ = {
			isa = PBXNativeTarget;
			buildConfigurationList = 062640AA1E92EE0F0045F0EB /* Build configuration list for PBXNativeTarget "HelpfulFunctionsTests" */;
			buildPhases = (
				0626409A1E92EE0F0045F0EB /* Sources */,
				0626409B1E92EE0F0045F0EB /* Frameworks */,
				0626409C1E92EE0F0045F0EB /* Resources */,
			);
			buildRules = (
			);
			dependencies = (
				062640A01E92EE0F0045F0EB /* PBXTargetDependency */,
			);
			name = HelpfulFunctionsTests;
			productName = HelpfulFunctionsTests;
			productReference = 0626409E1E92EE0F0045F0EB /* HelpfulFunctionsTests.xctest */;
			productType = "com.apple.product-type.bundle.unit-test";
		};
/* End PBXNativeTarget section */

/* Begin PBXProject section */
		062640821E92EE0F0045F0EB /* Project object */ = {
			isa = PBXProject;
			attributes = {
				LastSwiftUpdateCheck = 0830;
				LastUpgradeCheck = 0830;
				ORGANIZATIONNAME = "Andrey Kozhurin";
				TargetAttributes = {
					062640891E92EE0F0045F0EB = {
						CreatedOnToolsVersion = 8.3;
						DevelopmentTeam = A7CL5SKGAR;
						ProvisioningStyle = Automatic;
					};
					0626409D1E92EE0F0045F0EB = {
						CreatedOnToolsVersion = 8.3;
						DevelopmentTeam = A7CL5SKGAR;
						ProvisioningStyle = Automatic;
						TestTargetID = 062640891E92EE0F0045F0EB;
					};
				};
			};
			buildConfigurationList = 062640851E92EE0F0045F0EB /* Build configuration list for PBXProject "HelpfulFunctions" */;
			compatibilityVersion = "Xcode 3.2";
			developmentRegion = English;
			hasScannedForEncodings = 0;
			knownRegions = (
				en,
				Base,
			);
			mainGroup = 062640811E92EE0F0045F0EB;
			productRefGroup = 0626408B1E92EE0F0045F0EB /* Products */;
			projectDirPath = "";
			projectRoot = "";
			targets = (
				062640891E92EE0F0045F0EB /* HelpfulFunctions */,
				0626409D1E92EE0F0045F0EB /* HelpfulFunctionsTests */,
			);
		};
/* End PBXProject section */

/* Begin PBXResourcesBuildPhase section */
		062640881E92EE0F0045F0EB /* Resources */ = {
			isa = PBXResourcesBuildPhase;
			buildActionMask = 2147483647;
			files = (
				062640981E92EE0F0045F0EB /* LaunchScreen.storyboard in Resources */,
				062640951E92EE0F0045F0EB /* Assets.xcassets in Resources */,
				062640931E92EE0F0045F0EB /* Main.storyboard in Resources */,
			);
			runOnlyForDeploymentPostprocessing = 0;
		};
		0626409C1E92EE0F0045F0EB /* Resources */ = {
			isa = PBXResourcesBuildPhase;
			buildActionMask = 2147483647;
			files = (
			);
			runOnlyForDeploymentPostprocessing = 0;
		};
/* End PBXResourcesBuildPhase section */

/* Begin PBXSourcesBuildPhase section */
		062640861E92EE0F0045F0EB /* Sources */ = {
			isa = PBXSourcesBuildPhase;
			buildActionMask = 2147483647;
			files = (
				062640AE1E92EEDF0045F0EB /* GCD.swift in Sources */,
				062640901E92EE0F0045F0EB /* ViewController.swift in Sources */,
				0626408E1E92EE0F0045F0EB /* AppDelegate.swift in Sources */,
				062640B11E92EFDC0045F0EB /* Function.swift in Sources */,
			);
			runOnlyForDeploymentPostprocessing = 0;
		};
		0626409A1E92EE0F0045F0EB /* Sources */ = {
			isa = PBXSourcesBuildPhase;
			buildActionMask = 2147483647;
			files = (
				062640B21E92EFDC0045F0EB /* Function.swift in Sources */,
				062640AF1E92EEDF0045F0EB /* GCD.swift in Sources */,
				062640A31E92EE0F0045F0EB /* HelpfulFunctionsTests.swift in Sources */,
			);
			runOnlyForDeploymentPostprocessing = 0;
		};
/* End PBXSourcesBuildPhase section */

/* Begin PBXTargetDependency section */
		062640A01E92EE0F0045F0EB /* PBXTargetDependency */ = {
			isa = PBXTargetDependency;
			target = 062640891E92EE0F0045F0EB /* HelpfulFunctions */;
			targetProxy = 0626409F1E92EE0F0045F0EB /* PBXContainerItemProxy */;
		};
/* End PBXTargetDependency section */

/* Begin PBXVariantGroup section */
		062640911E92EE0F0045F0EB /* Main.storyboard */ = {
			isa = PBXVariantGroup;
			children = (
				062640921E92EE0F0045F0EB /* Base */,
			);
			name = Main.storyboard;
			sourceTree = "<group>";
		};
		062640961E92EE0F0045F0EB /* LaunchScreen.storyboard */ = {
			isa = PBXVariantGroup;
			children = (
				062640971E92EE0F0045F0EB /* Base */,
			);
			name = LaunchScreen.storyboard;
			sourceTree = "<group>";
		};
/* End PBXVariantGroup section */

/* Begin XCBuildConfiguration section */
		062640A51E92EE0F0045F0EB /* Debug */ = {
			isa = XCBuildConfiguration;
			buildSettings = {
				ALWAYS_SEARCH_USER_PATHS = NO;
				CLANG_ANALYZER_NONNULL = YES;
				CLANG_ANALYZER_NUMBER_OBJECT_CONVERSION = YES_AGGRESSIVE;
				CLANG_CXX_LANGUAGE_STANDARD = "gnu++0x";
				CLANG_CXX_LIBRARY = "libc++";
				CLANG_ENABLE_MODULES = YES;
				CLANG_ENABLE_OBJC_ARC = YES;
				CLANG_WARN_BOOL_CONVERSION = YES;
				CLANG_WARN_CONSTANT_CONVERSION = YES;
				CLANG_WARN_DIRECT_OBJC_ISA_USAGE = YES_ERROR;
				CLANG_WARN_DOCUMENTATION_COMMENTS = YES;
				CLANG_WARN_EMPTY_BODY = YES;
				CLANG_WARN_ENUM_CONVERSION = YES;
				CLANG_WARN_INFINITE_RECURSION = YES;
				CLANG_WARN_INT_CONVERSION = YES;
				CLANG_WARN_OBJC_ROOT_CLASS = YES_ERROR;
				CLANG_WARN_SUSPICIOUS_MOVE = YES;
				CLANG_WARN_UNREACHABLE_CODE = YES;
				CLANG_WARN__DUPLICATE_METHOD_MATCH = YES;
				"CODE_SIGN_IDENTITY[sdk=iphoneos*]" = "iPhone Developer";
				COPY_PHASE_STRIP = NO;
				DEBUG_INFORMATION_FORMAT = dwarf;
				ENABLE_STRICT_OBJC_MSGSEND = YES;
				ENABLE_TESTABILITY = YES;
				GCC_C_LANGUAGE_STANDARD = gnu99;
				GCC_DYNAMIC_NO_PIC = NO;
				GCC_NO_COMMON_BLOCKS = YES;
				GCC_OPTIMIZATION_LEVEL = 0;
				GCC_PREPROCESSOR_DEFINITIONS = (
					"DEBUG=1",
					"$(inherited)",
				);
				GCC_WARN_64_TO_32_BIT_CONVERSION = YES;
				GCC_WARN_ABOUT_RETURN_TYPE = YES_ERROR;
				GCC_WARN_UNDECLARED_SELECTOR = YES;
				GCC_WARN_UNINITIALIZED_AUTOS = YES_AGGRESSIVE;
				GCC_WARN_UNUSED_FUNCTION = YES;
				GCC_WARN_UNUSED_VARIABLE = YES;
				IPHONEOS_DEPLOYMENT_TARGET = 10.3;
				MTL_ENABLE_DEBUG_INFO = YES;
				ONLY_ACTIVE_ARCH = YES;
				SDKROOT = iphoneos;
				SWIFT_ACTIVE_COMPILATION_CONDITIONS = DEBUG;
				SWIFT_OPTIMIZATION_LEVEL = "-Onone";
			};
			name = Debug;
		};
		062640A61E92EE0F0045F0EB /* Release */ = {
			isa = XCBuildConfiguration;
			buildSettings = {
				ALWAYS_SEARCH_USER_PATHS = NO;
				CLANG_ANALYZER_NONNULL = YES;
				CLANG_ANALYZER_NUMBER_OBJECT_CONVERSION = YES_AGGRESSIVE;
				CLANG_CXX_LANGUAGE_STANDARD = "gnu++0x";
				CLANG_CXX_LIBRARY = "libc++";
				CLANG_ENABLE_MODULES = YES;
				CLANG_ENABLE_OBJC_ARC = YES;
				CLANG_WARN_BOOL_CONVERSION = YES;
				CLANG_WARN_CONSTANT_CONVERSION = YES;
				CLANG_WARN_DIRECT_OBJC_ISA_USAGE = YES_ERROR;
				CLANG_WARN_DOCUMENTATION_COMMENTS = YES;
				CLANG_WARN_EMPTY_BODY = YES;
				CLANG_WARN_ENUM_CONVERSION = YES;
				CLANG_WARN_INFINITE_RECURSION = YES;
				CLANG_WARN_INT_CONVERSION = YES;
				CLANG_WARN_OBJC_ROOT_CLASS = YES_ERROR;
				CLANG_WARN_SUSPICIOUS_MOVE = YES;
				CLANG_WARN_UNREACHABLE_CODE = YES;
				CLANG_WARN__DUPLICATE_METHOD_MATCH = YES;
				"CODE_SIGN_IDENTITY[sdk=iphoneos*]" = "iPhone Developer";
				COPY_PHASE_STRIP = NO;
				DEBUG_INFORMATION_FORMAT = "dwarf-with-dsym";
				ENABLE_NS_ASSERTIONS = NO;
				ENABLE_STRICT_OBJC_MSGSEND = YES;
				GCC_C_LANGUAGE_STANDARD = gnu99;
				GCC_NO_COMMON_BLOCKS = YES;
				GCC_WARN_64_TO_32_BIT_CONVERSION = YES;
				GCC_WARN_ABOUT_RETURN_TYPE = YES_ERROR;
				GCC_WARN_UNDECLARED_SELECTOR = YES;
				GCC_WARN_UNINITIALIZED_AUTOS = YES_AGGRESSIVE;
				GCC_WARN_UNUSED_FUNCTION = YES;
				GCC_WARN_UNUSED_VARIABLE = YES;
				IPHONEOS_DEPLOYMENT_TARGET = 10.3;
				MTL_ENABLE_DEBUG_INFO = NO;
				SDKROOT = iphoneos;
				SWIFT_OPTIMIZATION_LEVEL = "-Owholemodule";
				VALIDATE_PRODUCT = YES;
			};
			name = Release;
		};
		062640A81E92EE0F0045F0EB /* Debug */ = {
			isa = XCBuildConfiguration;
			buildSettings = {
				ASSETCATALOG_COMPILER_APPICON_NAME = AppIcon;
				DEVELOPMENT_TEAM = A7CL5SKGAR;
				INFOPLIST_FILE = HelpfulFunctions/Info.plist;
				LD_RUNPATH_SEARCH_PATHS = "$(inherited) @executable_path/Frameworks";
				PRODUCT_BUNDLE_IDENTIFIER = com.akozhur.HelpfulFunctions;
				PRODUCT_NAME = "$(TARGET_NAME)";
				SWIFT_VERSION = 3.0;
			};
			name = Debug;
		};
		062640A91E92EE0F0045F0EB /* Release */ = {
			isa = XCBuildConfiguration;
			buildSettings = {
				ASSETCATALOG_COMPILER_APPICON_NAME = AppIcon;
				DEVELOPMENT_TEAM = A7CL5SKGAR;
				INFOPLIST_FILE = HelpfulFunctions/Info.plist;
				LD_RUNPATH_SEARCH_PATHS = "$(inherited) @executable_path/Frameworks";
				PRODUCT_BUNDLE_IDENTIFIER = com.akozhur.HelpfulFunctions;
				PRODUCT_NAME = "$(TARGET_NAME)";
				SWIFT_VERSION = 3.0;
			};
			name = Release;
		};
		062640AB1E92EE0F0045F0EB /* Debug */ = {
			isa = XCBuildConfiguration;
			buildSettings = {
				ALWAYS_EMBED_SWIFT_STANDARD_LIBRARIES = YES;
				BUNDLE_LOADER = "$(TEST_HOST)";
				DEVELOPMENT_TEAM = A7CL5SKGAR;
				INFOPLIST_FILE = HelpfulFunctionsTests/Info.plist;
				LD_RUNPATH_SEARCH_PATHS = "$(inherited) @executable_path/Frameworks @loader_path/Frameworks";
				PRODUCT_BUNDLE_IDENTIFIER = com.akozhur.HelpfulFunctionsTests;
				PRODUCT_NAME = "$(TARGET_NAME)";
				SWIFT_VERSION = 3.0;
				TEST_HOST = "$(BUILT_PRODUCTS_DIR)/HelpfulFunctions.app/HelpfulFunctions";
			};
			name = Debug;
		};
		062640AC1E92EE0F0045F0EB /* Release */ = {
			isa = XCBuildConfiguration;
			buildSettings = {
				ALWAYS_EMBED_SWIFT_STANDARD_LIBRARIES = YES;
				BUNDLE_LOADER = "$(TEST_HOST)";
				DEVELOPMENT_TEAM = A7CL5SKGAR;
				INFOPLIST_FILE = HelpfulFunctionsTests/Info.plist;
				LD_RUNPATH_SEARCH_PATHS = "$(inherited) @executable_path/Frameworks @loader_path/Frameworks";
				PRODUCT_BUNDLE_IDENTIFIER = com.akozhur.HelpfulFunctionsTests;
				PRODUCT_NAME = "$(TARGET_NAME)";
				SWIFT_VERSION = 3.0;
				TEST_HOST = "$(BUILT_PRODUCTS_DIR)/HelpfulFunctions.app/HelpfulFunctions";
			};
			name = Release;
		};
/* End XCBuildConfiguration section */

/* Begin XCConfigurationList section */
		062640851E92EE0F0045F0EB /* Build configuration list for PBXProject "HelpfulFunctions" */ = {
			isa = XCConfigurationList;
			buildConfigurations = (
				062640A51E92EE0F0045F0EB /* Debug */,
				062640A61E92EE0F0045F0EB /* Release */,
			);
			defaultConfigurationIsVisible = 0;
			defaultConfigurationName = Release;
		};
		062640A71E92EE0F0045F0EB /* Build configuration list for PBXNativeTarget "HelpfulFunctions" */ = {
			isa = XCConfigurationList;
			buildConfigurations = (
				062640A81E92EE0F0045F0EB /* Debug */,
				062640A91E92EE0F0045F0EB /* Release */,
			);
			defaultConfigurationIsVisible = 0;
		};
		062640AA1E92EE0F0045F0EB /* Build configuration list for PBXNativeTarget "HelpfulFunctionsTests" */ = {
			isa = XCConfigurationList;
			buildConfigurations = (
				062640AB1E92EE0F0045F0EB /* Debug */,
				062640AC1E92EE0F0045F0EB /* Release */,
			);
			defaultConfigurationIsVisible = 0;
		};
/* End XCConfigurationList section */
	};
	rootObject = 062640821E92EE0F0045F0EB /* Project object */;
}
